
Microsoft Visual Studio Solution File, Format Version 12.00
# Visual Studio Version 17
VisualStudioVersion = 17.4.33205.214
MinimumVisualStudioVersion = 10.0.40219.1
Project("{FAE04EC0-301F-11D3-BF4B-00C04F79EFBC}") = "DeathStarWeb", "DeathStarWeb\DeathStarWeb.csproj", "{94EC1C15-ED1B-4043-8DB2-C3F8A7099751}"
EndProject
Project("{FAE04EC0-301F-11D3-BF4B-00C04F79EFBC}") = "DatabaseAccess", "DatabaseAccess\DatabaseAccess.csproj", "{F9953BD5-332B-4355-B6F0-877778A2D48B}"
EndProject
Global
	GlobalSection(SolutionConfigurationPlatforms) = preSolution
		Debug|Any CPU = Debug|Any CPU
		Release|Any CPU = Release|Any CPU
	EndGlobalSection
	GlobalSection(ProjectConfigurationPlatforms) = postSolution
		{94EC1C15-ED1B-4043-8DB2-C3F8A7099751}.Debug|Any CPU.ActiveCfg = Debug|Any CPU
		{94EC1C15-ED1B-4043-8DB2-C3F8A7099751}.Debug|Any CPU.Build.0 = Debug|Any CPU
		{94EC1C15-ED1B-4043-8DB2-C3F8A7099751}.Release|Any CPU.ActiveCfg = Release|Any CPU
		{94EC1C15-ED1B-4043-8DB2-C3F8A7099751}.Release|Any CPU.Build.0 = Release|Any CPU
		{F9953BD5-332B-4355-B6F0-877778A2D48B}.Debug|Any CPU.ActiveCfg = Debug|Any CPU
		{F9953BD5-332B-4355-B6F0-877778A2D48B}.Debug|Any CPU.Build.0 = Debug|Any CPU
		{F9953BD5-332B-4355-B6F0-877778A2D48B}.Release|Any CPU.ActiveCfg = Release|Any CPU
		{F9953BD5-332B-4355-B6F0-877778A2D48B}.Release|Any CPU.Build.0 = Release|Any CPU
	EndGlobalSection
	GlobalSection(SolutionProperties) = preSolution
		HideSolutionNode = FALSE
	EndGlobalSection
	GlobalSection(ExtensibilityGlobals) = postSolution
		SolutionGuid = {B22DDD4E-01D3-4136-ACF7-4238A1BEA5DC}
	EndGlobalSection
EndGlobal
